
Microsoft Visual Studio Solution File, Format Version 12.00
# Visual Studio Version 17
VisualStudioVersion = 17.10.35027.167
MinimumVisualStudioVersion = 10.0.40219.1
Project("{FAE04EC0-301F-11D3-BF4B-00C04F79EFBC}") = "SerilogExample", "SerilogExample\SerilogExample.csproj", "{D7030A37-9829-4ECC-9677-DDA7F656923B}"
EndProject
Global
	GlobalSection(SolutionConfigurationPlatforms) = preSolution
		Debug|Any CPU = Debug|Any CPU
		Release|Any CPU = Release|Any CPU
	EndGlobalSection
	GlobalSection(ProjectConfigurationPlatforms) = postSolution
		{D7030A37-9829-4ECC-9677-DDA7F656923B}.Debug|Any CPU.ActiveCfg = Debug|Any CPU
		{D7030A37-9829-4ECC-9677-DDA7F656923B}.Debug|Any CPU.Build.0 = Debug|Any CPU
		{D7030A37-9829-4ECC-9677-DDA7F656923B}.Release|Any CPU.ActiveCfg = Release|Any CPU
		{D7030A37-9829-4ECC-9677-DDA7F656923B}.Release|Any CPU.Build.0 = Release|Any CPU
	EndGlobalSection
	GlobalSection(SolutionProperties) = preSolution
		HideSolutionNode = FALSE
	EndGlobalSection
	GlobalSection(ExtensibilityGlobals) = postSolution
		SolutionGuid = {B79BDD4F-5C1F-4D92-96C7-4EBCE134C8D4}
	EndGlobalSection
EndGlobal
